{
  "nodes": {
    "nixpkgs": {
      "locked": {
        "lastModified": 1704420045,
        "narHash": "sha256-C36QmoJd5tdQ5R9MC1jM7fBkZW9zBUqbUCsgwS6j4QU=",
        "owner": "nixos",
        "repo": "nixpkgs",
        "rev": "c1be43e8e837b8dbee2b3665a007e761680f0c3d",
        "type": "github"
      },
      "original": {
        "owner": "nixos",
        "repo": "nixpkgs",
        "type": "github"
      }
    },
    "root": {
      "inputs": {
        "nixpkgs": "nixpkgs",
        "selfprivacy-api": "selfprivacy-api"
      }
    },
    "selfprivacy-api": {
      "inputs": {
        "nixpkgs": [
          "nixpkgs"
        ]
      },
      "locked": {
        "lastModified": 1707753194,
        "narHash": "sha256-pf/BlJ4f9wPff4mzQJUS1EBARnc7EIpGr+qF6p5gzhI=",
        "ref": "system-rebuild-tracking",
        "rev": "c851c3d193b3a3afcdda48c2ec3ba61b001eaed3",
        "revCount": 1184,
        "type": "git",
        "url": "https://git.selfprivacy.org/SelfPrivacy/selfprivacy-rest-api.git"
      },
      "original": {
        "type": "git",
        "url": "https://git.selfprivacy.org/SelfPrivacy/selfprivacy-rest-api.git"
      }
    }
  },
  "root": "root",
  "version": 7
}
