{
  "nodes": {
    "nixpkgs": {
      "locked": {
        "lastModified": 1734017764,
        "narHash": "sha256-msOfmyJSjAHgIygI/JD0Ae3JsDv4rT54Nlfr5t6MQMQ=",
        "owner": "nixos",
        "repo": "nixpkgs",
        "rev": "64e9404f308e0f0a0d8cdd7c358f74e34802494b",
        "type": "github"
      },
      "original": {
        "owner": "nixos",
        "repo": "nixpkgs",
        "type": "github"
      }
    },
    "root": {
      "inputs": {
        "nixpkgs": "nixpkgs",
        "selfprivacy-api": "selfprivacy-api"
      }
    },
    "selfprivacy-api": {
      "inputs": {
        "nixpkgs": [
          "nixpkgs"
        ]
      },
      "locked": {
        "lastModified": 1734269435,
        "narHash": "sha256-KimSmykCfcGPKGUMgOxlC+s9nw7sNO5B8vW74Fj76Uc=",
        "ref": "master",
        "rev": "7d9150a77ab86f5624f726be1d03da23fd124334",
        "revCount": 1473,
        "type": "git",
        "url": "https://git.selfprivacy.org/SelfPrivacy/selfprivacy-rest-api.git"
      },
      "original": {
        "type": "git",
        "url": "https://git.selfprivacy.org/SelfPrivacy/selfprivacy-rest-api.git"
      }
    }
  },
  "root": "root",
  "version": 7
}
